
Microsoft Visual Studio Solution File, Format Version 12.00
# Visual Studio Version 17
VisualStudioVersion = 17.0.32112.339
MinimumVisualStudioVersion = 10.0.40219.1
Project("{FAE04EC0-301F-11D3-BF4B-00C04F79EFBC}") = "PipelineExample", "PipelineExample\PipelineExample.csproj", "{6FB8BCC4-A5E4-4BF4-A8B9-DFE16103C2EE}"
EndProject
Global
	GlobalSection(SolutionConfigurationPlatforms) = preSolution
		Debug|Any CPU = Debug|Any CPU
		Release|Any CPU = Release|Any CPU
	EndGlobalSection
	GlobalSection(ProjectConfigurationPlatforms) = postSolution
		{6FB8BCC4-A5E4-4BF4-A8B9-DFE16103C2EE}.Debug|Any CPU.ActiveCfg = Debug|Any CPU
		{6FB8BCC4-A5E4-4BF4-A8B9-DFE16103C2EE}.Debug|Any CPU.Build.0 = Debug|Any CPU
		{6FB8BCC4-A5E4-4BF4-A8B9-DFE16103C2EE}.Release|Any CPU.ActiveCfg = Release|Any CPU
		{6FB8BCC4-A5E4-4BF4-A8B9-DFE16103C2EE}.Release|Any CPU.Build.0 = Release|Any CPU
	EndGlobalSection
	GlobalSection(SolutionProperties) = preSolution
		HideSolutionNode = FALSE
	EndGlobalSection
	GlobalSection(ExtensibilityGlobals) = postSolution
		SolutionGuid = {18F8E95F-EBFF-41CE-B809-97DDB5446DA9}
	EndGlobalSection
EndGlobal
